
Microsoft Visual Studio Solution File, Format Version 12.00
# Visual Studio Version 16
VisualStudioVersion = 16.0.29920.165
MinimumVisualStudioVersion = 10.0.40219.1
Project("{FAE04EC0-301F-11D3-BF4B-00C04F79EFBC}") = "Laboratorio3_MVC_PorllesC", "Laboratorio3_MVC_PorllesC.csproj", "{4AF6D5D3-AA0C-4571-9C6F-35CCF4779A8A}"
EndProject
Global
	GlobalSection(SolutionConfigurationPlatforms) = preSolution
		Debug|Any CPU = Debug|Any CPU
		Release|Any CPU = Release|Any CPU
	EndGlobalSection
	GlobalSection(ProjectConfigurationPlatforms) = postSolution
		{4AF6D5D3-AA0C-4571-9C6F-35CCF4779A8A}.Debug|Any CPU.ActiveCfg = Debug|Any CPU
		{4AF6D5D3-AA0C-4571-9C6F-35CCF4779A8A}.Debug|Any CPU.Build.0 = Debug|Any CPU
		{4AF6D5D3-AA0C-4571-9C6F-35CCF4779A8A}.Release|Any CPU.ActiveCfg = Release|Any CPU
		{4AF6D5D3-AA0C-4571-9C6F-35CCF4779A8A}.Release|Any CPU.Build.0 = Release|Any CPU
	EndGlobalSection
	GlobalSection(SolutionProperties) = preSolution
		HideSolutionNode = FALSE
	EndGlobalSection
	GlobalSection(ExtensibilityGlobals) = postSolution
		SolutionGuid = {ADD26A2D-F62B-4DE4-9E9F-1945843ED7B0}
	EndGlobalSection
EndGlobal
